{
    "_readme": [
        "This file locks the dependencies of your project to a known state",
        "Read more about it at https://getcomposer.org/doc/01-basic-usage.md#composer-lock-the-lock-file",
        "This file is @generated automatically"
    ],
    "hash": "adedbf706b5b3e23fe30b47ac6f56fe4",
    "content-hash": "82122f5de27b42e6dff8ddc93165cdf4",
    "packages": [
        {
            "name": "ritetag/api",
            "version": "2.0.1",
            "source": {
                "type": "git",
                "url": "https://bitbucket.org/ritetag/ritetag-api-client.git",
                "reference": "17bb2a8b14423c07d0449b3328e9401b8273f94d"
            },
            "dist": {
                "type": "zip",
                "url": "https://bitbucket.org/ritetag/ritetag-api-client/get/17bb2a8b14423c07d0449b3328e9401b8273f94d.zip",
                "reference": "17bb2a8b14423c07d0449b3328e9401b8273f94d",
                "shasum": ""
            },
            "require": {
                "php": ">= 5.3.7"
            },
            "type": "project",
            "autoload": {
                "classmap": [
                    "src/"
                ]
            },
            "notification-url": "https://packagist.org/downloads/",
            "authors": [
                {
                    "name": "RiteTag"
                }
            ],
            "description": "RiteTag Api Client",
            "homepage": "https://ritetag.com",
            "time": "2016-02-17 11:18:32"
        }
    ],
    "packages-dev": [],
    "aliases": [],
    "minimum-stability": "stable",
    "stability-flags": [],
    "prefer-stable": false,
    "prefer-lowest": false,
    "platform": [],
    "platform-dev": []
}
